github.com/goki/freetype v1.0.1 h1:10DgpEu+QEh/hpvAxgx//RT8ayWwHJI+nZj3QNcn8uk=
github.com/goki/freetype v1.0.1/go.mod h1:ni9Dgz8vA6o+13u1Ke0q3kJcCJ9GuXb1dtlfKho98vs=
golang.org/x/image v0.13.0 h1:3cge/F/QTkNLauhf2QoE9zp+7sr+ZcL4HnoZmdwg9sg=
golang.org/x/image v0.13.0/go.mod h1:6mmbMOeV28HuMTgA6OSRkdXKYw/t5W9Uwn2Yv1r3Yxk=
